
Microsoft Visual Studio Solution File, Format Version 12.00
# Visual Studio Version 17
VisualStudioVersion = 17.14.37012.4 d17.14
MinimumVisualStudioVersion = 10.0.40219.1
Project("{FAE04EC0-301F-11D3-BF4B-00C04F79EFBC}") = "GenAlgLab-1_1", "GenAlgLab-1_1.csproj", "{A6726D84-364D-4EFB-99D2-8A762F22DF4C}"
EndProject
Global
	GlobalSection(SolutionConfigurationPlatforms) = preSolution
		Debug|Any CPU = Debug|Any CPU
		Release|Any CPU = Release|Any CPU
	EndGlobalSection
	GlobalSection(ProjectConfigurationPlatforms) = postSolution
		{A6726D84-364D-4EFB-99D2-8A762F22DF4C}.Debug|Any CPU.ActiveCfg = Debug|Any CPU
		{A6726D84-364D-4EFB-99D2-8A762F22DF4C}.Debug|Any CPU.Build.0 = Debug|Any CPU
		{A6726D84-364D-4EFB-99D2-8A762F22DF4C}.Release|Any CPU.ActiveCfg = Release|Any CPU
		{A6726D84-364D-4EFB-99D2-8A762F22DF4C}.Release|Any CPU.Build.0 = Release|Any CPU
	EndGlobalSection
	GlobalSection(SolutionProperties) = preSolution
		HideSolutionNode = FALSE
	EndGlobalSection
	GlobalSection(ExtensibilityGlobals) = postSolution
		SolutionGuid = {753021FD-C725-42F9-9861-94E20AC48F3E}
	EndGlobalSection
EndGlobal
